
Microsoft Visual Studio Solution File, Format Version 12.00
# Visual Studio 2013
VisualStudioVersion = 12.0.31101.0
MinimumVisualStudioVersion = 10.0.40219.1
Project("{FAE04EC0-301F-11D3-BF4B-00C04F79EFBC}") = "CampusApp", "CampusApp\CampusApp.csproj", "{2E2C0A72-C588-4019-8134-554FE534978E}"
EndProject
Project("{2150E333-8FDC-42A3-9474-1A3956D46DE8}") = ".nuget", ".nuget", "{6E407210-DDEE-44FF-926E-97A059A34088}"
	ProjectSection(SolutionItems) = preProject
		.nuget\NuGet.Config = .nuget\NuGet.Config
		.nuget\NuGet.exe = .nuget\NuGet.exe
		.nuget\NuGet.targets = .nuget\NuGet.targets
	EndProjectSection
EndProject
Global
	GlobalSection(SolutionConfigurationPlatforms) = preSolution
		Debug|Any CPU = Debug|Any CPU
		Debug|ARM = Debug|ARM
		Debug|x86 = Debug|x86
		Release|Any CPU = Release|Any CPU
		Release|ARM = Release|ARM
		Release|x86 = Release|x86
	EndGlobalSection
	GlobalSection(ProjectConfigurationPlatforms) = postSolution
		{2E2C0A72-C588-4019-8134-554FE534978E}.Debug|Any CPU.ActiveCfg = Debug|Any CPU
		{2E2C0A72-C588-4019-8134-554FE534978E}.Debug|Any CPU.Build.0 = Debug|Any CPU
		{2E2C0A72-C588-4019-8134-554FE534978E}.Debug|Any CPU.Deploy.0 = Debug|Any CPU
		{2E2C0A72-C588-4019-8134-554FE534978E}.Debug|ARM.ActiveCfg = Debug|ARM
		{2E2C0A72-C588-4019-8134-554FE534978E}.Debug|ARM.Build.0 = Debug|ARM
		{2E2C0A72-C588-4019-8134-554FE534978E}.Debug|ARM.Deploy.0 = Debug|ARM
		{2E2C0A72-C588-4019-8134-554FE534978E}.Debug|x86.ActiveCfg = Debug|x86
		{2E2C0A72-C588-4019-8134-554FE534978E}.Debug|x86.Build.0 = Debug|x86
		{2E2C0A72-C588-4019-8134-554FE534978E}.Debug|x86.Deploy.0 = Debug|x86
		{2E2C0A72-C588-4019-8134-554FE534978E}.Release|Any CPU.ActiveCfg = Release|Any CPU
		{2E2C0A72-C588-4019-8134-554FE534978E}.Release|Any CPU.Build.0 = Release|Any CPU
		{2E2C0A72-C588-4019-8134-554FE534978E}.Release|Any CPU.Deploy.0 = Release|Any CPU
		{2E2C0A72-C588-4019-8134-554FE534978E}.Release|ARM.ActiveCfg = Release|ARM
		{2E2C0A72-C588-4019-8134-554FE534978E}.Release|ARM.Build.0 = Release|ARM
		{2E2C0A72-C588-4019-8134-554FE534978E}.Release|ARM.Deploy.0 = Release|ARM
		{2E2C0A72-C588-4019-8134-554FE534978E}.Release|x86.ActiveCfg = Release|x86
		{2E2C0A72-C588-4019-8134-554FE534978E}.Release|x86.Build.0 = Release|x86
		{2E2C0A72-C588-4019-8134-554FE534978E}.Release|x86.Deploy.0 = Release|x86
	EndGlobalSection
	GlobalSection(SolutionProperties) = preSolution
		HideSolutionNode = FALSE
	EndGlobalSection
EndGlobal
